<?xml version="1.0" encoding="UTF-8" standalone="yes" ?>
<CodeBlocks_project_file>
	<FileVersion major="1" minor="6" />
	<Project>
		<Option title="MetaHack" />
		<Option pch_mode="2" />
		<Option compiler="gcc" />
		<Build>
			<Target title="Debug">
				<Option output="bin/Debug/MetaHack" prefix_auto="1" extension_auto="1" />
				<Option object_output="obj/Debug/" />
				<Option type="1" />
				<Option compiler="gcc" />
				<Compiler>
					<Add option="-g" />
					<Add option="-DDEBUG" />
				</Compiler>
				<Linker>
					<Add library="sfml-graphics-d" />
					<Add library="sfml-window-d" />
					<Add library="sfml-system-d" />
				</Linker>
			</Target>
			<Target title="Release">
				<Option output="bin/Release/MetaHack" prefix_auto="1" extension_auto="1" />
				<Option object_output="obj/Release/" />
				<Option type="1" />
				<Option compiler="gcc" />
				<Compiler>
					<Add option="-fomit-frame-pointer" />
					<Add option="-O3" />
				</Compiler>
				<Linker>
					<Add option="-s" />
					<Add library="sfml-graphics" />
					<Add library="sfml-window" />
					<Add library="sfml-system" />
				</Linker>
			</Target>
			<Target title="Profiling">
				<Option output="bin/Profiling/MetaHack" prefix_auto="1" extension_auto="1" />
				<Option object_output="obj/Profiling/" />
				<Option type="1" />
				<Option compiler="gcc" />
				<Compiler>
					<Add option="-pg" />
					<Add option="-g" />
					<Add option="-DDEBUG" />
				</Compiler>
				<Linker>
					<Add option="-pg -lgmon" />
					<Add library="sfml-graphics-d" />
					<Add library="sfml-window-d" />
					<Add library="sfml-system-d" />
				</Linker>
			</Target>
		</Build>
		<Compiler>
			<Add option="-march=core2" />
			<Add option="-pedantic" />
			<Add option="-std=c++11" />
			<Add option="-Wall" />
			<Add directory="include" />
			<Add directory="include/things" />
			<Add directory="../libraries/" />
			<Add directory="../libraries/SFML/include" />
		</Compiler>
		<Linker>
			<Add library="mingw32" />
			<Add library="user32" />
			<Add library="gdi32" />
			<Add library="winmm" />
			<Add library="dxguid" />
			<Add directory="../libraries/SFML/build/lib" />
			<Add directory="../libraries/boost/stage/lib" />
		</Linker>
		<Unit filename="cb.bmp" />
		<Unit filename="include/Action.h" />
		<Unit filename="include/ActionResult.h" />
		<Unit filename="include/App.h" />
		<Unit filename="include/AppStateGameMode.h" />
		<Unit filename="include/AppStateMainMenu.h" />
		<Unit filename="include/AppStateSplashScreen.h" />
		<Unit filename="include/AttributeSet.h" />
		<Unit filename="include/BodyPart.h" />
		<Unit filename="include/Cloneable.h" />
		<Unit filename="include/Creatable.h" />
		<Unit filename="include/Direction.h" />
		<Unit filename="include/Entity.h" />
		<Unit filename="include/ErrorHandler.h" />
		<Unit filename="include/EventHandler.h" />
		<Unit filename="include/Gender.h" />
		<Unit filename="include/GeoVector.h" />
		<Unit filename="include/Inventory.h" />
		<Unit filename="include/InventoryArea.h" />
		<Unit filename="include/InventorySlot.h" />
		<Unit filename="include/IsType.h" />
		<Unit filename="include/LightSource.h" />
		<Unit filename="include/Map.h" />
		<Unit filename="include/MapCorridor.h" />
		<Unit filename="include/MapDiamond.h" />
		<Unit filename="include/MapFactory.h" />
		<Unit filename="include/MapFeature.h" />
		<Unit filename="include/MapGenerator.h" />
		<Unit filename="include/MapId.h" />
		<Unit filename="include/MapRoom.h" />
		<Unit filename="include/MapTile.h" />
		<Unit filename="include/MapTileType.h" />
		<Unit filename="include/MathUtils.h" />
		<Unit filename="include/MessageLog.h" />
		<Unit filename="include/Renderable.h" />
		<Unit filename="include/ShaderEffect.h" />
		<Unit filename="include/SpritePrototype.h" />
		<Unit filename="include/State.h" />
		<Unit filename="include/StateMachine.h" />
		<Unit filename="include/StatusArea.h" />
		<Unit filename="include/TextureAtlas.h" />
		<Unit filename="include/Thing.h" />
		<Unit filename="include/ThingFactory.h" />
		<Unit filename="include/ThingId.h" />
		<Unit filename="include/ThingRegistrator.h" />
		<Unit filename="include/TileSheet.h" />
		<Unit filename="include/common_enums.h" />
		<Unit filename="include/things/Biped.h" />
		<Unit filename="include/things/Human.h" />
		<Unit filename="include/things/LightOrb.h" />
		<Unit filename="include/things/Limbo.h" />
		<Unit filename="include/things/Rock.h" />
		<Unit filename="include/things/SackLarge.h" />
		<Unit filename="include/things/Sconce.h" />
		<Unit filename="resources/fonts/DejaVuSansMono-Bold.ttf" />
		<Unit filename="resources/fonts/DejaVuSansMono-BoldOblique.ttf" />
		<Unit filename="resources/fonts/DejaVuSansMono-Oblique.ttf" />
		<Unit filename="resources/fonts/DejaVuSansMono.ttf" />
		<Unit filename="resources/graphics/palette.png" />
		<Unit filename="resources/graphics/tilesheet.png" />
		<Unit filename="resources/shaders/default.frag" />
		<Unit filename="resources/shaders/default.vert" />
		<Unit filename="src/App.cpp" />
		<Unit filename="src/AppStateGameMode.cpp" />
		<Unit filename="src/AppStateMainMenu.cpp" />
		<Unit filename="src/AppStateSplashScreen.cpp" />
		<Unit filename="src/AttributeSet.cpp" />
		<Unit filename="src/Entity.cpp" />
		<Unit filename="src/ErrorHandler.cpp" />
		<Unit filename="src/Gender.cpp" />
		<Unit filename="src/Inventory.cpp" />
		<Unit filename="src/InventoryArea.cpp" />
		<Unit filename="src/LightSource.cpp" />
		<Unit filename="src/Map.cpp" />
		<Unit filename="src/MapCorridor.cpp" />
		<Unit filename="src/MapDiamond.cpp" />
		<Unit filename="src/MapFactory.cpp" />
		<Unit filename="src/MapFeature.cpp" />
		<Unit filename="src/MapGenerator.cpp" />
		<Unit filename="src/MapRoom.cpp" />
		<Unit filename="src/MapTile.cpp" />
		<Unit filename="src/MapTileType.cpp" />
		<Unit filename="src/MessageLog.cpp" />
		<Unit filename="src/State.cpp" />
		<Unit filename="src/StateMachine.cpp" />
		<Unit filename="src/StatusArea.cpp" />
		<Unit filename="src/TextureAtlas.cpp" />
		<Unit filename="src/Thing.cpp" />
		<Unit filename="src/ThingFactory.cpp" />
		<Unit filename="src/TileSheet.cpp" />
		<Unit filename="src/things/Biped.cpp" />
		<Unit filename="src/things/Human.cpp" />
		<Unit filename="src/things/LightOrb.cpp" />
		<Unit filename="src/things/Limbo.cpp" />
		<Unit filename="src/things/Rock.cpp" />
		<Unit filename="src/things/SackLarge.cpp" />
		<Unit filename="src/things/Sconce.cpp" />
		<Extensions>
			<DoxyBlocks>
				<comment_style block="2" line="2" />
				<doxyfile_project />
				<doxyfile_build />
				<doxyfile_warnings />
				<doxyfile_output />
				<doxyfile_dot class_diagrams="1" have_dot="1" />
				<general />
			</DoxyBlocks>
			<code_completion />
			<envvars />
			<debugger />
			<lib_finder disable_auto="1" />
		</Extensions>
	</Project>
</CodeBlocks_project_file>
