<?xml version="1.0" encoding="utf-8"?>
<Project ToolsVersion="4.0" xmlns="http://schemas.microsoft.com/developer/msbuild/2003">
  <ItemGroup>
    <Filter Include="Source Files">
      <UniqueIdentifier>{4FC737F1-C7A5-4376-A066-2A32D752A2FF}</UniqueIdentifier>
      <Extensions>cpp;c;cc;cxx;def;odl;idl;hpj;bat;asm;asmx</Extensions>
    </Filter>
    <Filter Include="Header Files">
      <UniqueIdentifier>{93995380-89BD-4b04-88EB-625FBE52EBFB}</UniqueIdentifier>
      <Extensions>h;hh;hpp;hxx;hm;inl;inc;xsd</Extensions>
    </Filter>
    <Filter Include="Resource Files">
      <UniqueIdentifier>{67DA6AB6-F800-4c08-8B7A-83BB121AAD01}</UniqueIdentifier>
      <Extensions>rc;ico;cur;bmp;dlg;rc2;rct;bin;rgs;gif;jpg;jpeg;jpe;resx;tiff;tif;png;wav;mfcribbon-ms</Extensions>
    </Filter>
    <Filter Include="Actions">
      <UniqueIdentifier>{3a58d7d7-a1d1-4435-8f09-20d646081c56}</UniqueIdentifier>
    </Filter>
    <Filter Include="Map Features">
      <UniqueIdentifier>{be47de27-b524-43a5-830c-65cf97636bb6}</UniqueIdentifier>
    </Filter>
    <Filter Include="GUI Elements">
      <UniqueIdentifier>{41ec2d36-1834-4765-bb9a-cb665c7f8e1b}</UniqueIdentifier>
    </Filter>
    <Filter Include="App States">
      <UniqueIdentifier>{c64b3cd5-4ed5-46a1-a3bc-710ceb9d4bd6}</UniqueIdentifier>
    </Filter>
    <Filter Include="Types">
      <UniqueIdentifier>{fc4cfdb3-3d4e-4fd9-8582-0b0ad3143c2b}</UniqueIdentifier>
    </Filter>
    <Filter Include="Resource Files\Thing Scripts">
      <UniqueIdentifier>{644086c3-23c6-4ef7-9258-1512a394120c}</UniqueIdentifier>
    </Filter>
    <Filter Include="Resource Files\MapTile Scripts">
      <UniqueIdentifier>{b1fae8d5-f589-4b88-960f-c830a3f9058b}</UniqueIdentifier>
    </Filter>
    <Filter Include="Resource Files\Other Scripts">
      <UniqueIdentifier>{cb70d4b5-22c1-42ff-b1f8-55604229f88e}</UniqueIdentifier>
    </Filter>
    <Filter Include="Resource Files\Shaders">
      <UniqueIdentifier>{77a3351a-cfa7-45aa-ba4d-fe17aae1e83d}</UniqueIdentifier>
    </Filter>
    <Filter Include="Object Views">
      <UniqueIdentifier>{310b5b1e-9be6-4227-8799-6b5fdc29b60b}</UniqueIdentifier>
    </Filter>
  </ItemGroup>
  <ItemGroup>
    <ClInclude Include="include\App.h">
      <Filter>Header Files</Filter>
    </ClInclude>
    <ClInclude Include="include\common_enums.h">
      <Filter>Header Files</Filter>
    </ClInclude>
    <ClInclude Include="include\ConfigSettings.h">
      <Filter>Header Files</Filter>
    </ClInclude>
    <ClInclude Include="include\ErrorHandler.h">
      <Filter>Header Files</Filter>
    </ClInclude>
    <ClInclude Include="include\GameObject.h">
      <Filter>Header Files</Filter>
    </ClInclude>
    <ClInclude Include="include\GetLetterKey.h">
      <Filter>Header Files</Filter>
    </ClInclude>
    <ClInclude Include="include\Inventory.h">
      <Filter>Header Files</Filter>
    </ClInclude>
    <ClInclude Include="include\InventoryArea.h">
      <Filter>Header Files</Filter>
    </ClInclude>
    <ClInclude Include="include\KeyBuffer.h">
      <Filter>Header Files</Filter>
    </ClInclude>
    <ClInclude Include="include\Map.h">
      <Filter>Header Files</Filter>
    </ClInclude>
    <ClInclude Include="include\MapTile.h">
      <Filter>Header Files</Filter>
    </ClInclude>
    <ClInclude Include="include\MathUtils.h">
      <Filter>Header Files</Filter>
    </ClInclude>
    <ClInclude Include="include\MessageLog.h">
      <Filter>Header Files</Filter>
    </ClInclude>
    <ClInclude Include="include\Renderable.h">
      <Filter>Header Files</Filter>
    </ClInclude>
    <ClInclude Include="include\SpritePrototype.h">
      <Filter>Header Files</Filter>
    </ClInclude>
    <ClInclude Include="include\State.h">
      <Filter>Header Files</Filter>
    </ClInclude>
    <ClInclude Include="include\StateMachine.h">
      <Filter>Header Files</Filter>
    </ClInclude>
    <ClInclude Include="include\StatusArea.h">
      <Filter>Header Files</Filter>
    </ClInclude>
    <ClInclude Include="include\Thing.h">
      <Filter>Header Files</Filter>
    </ClInclude>
    <ClInclude Include="include\TileSheet.h">
      <Filter>Header Files</Filter>
    </ClInclude>
    <ClInclude Include="include\ThingManager.h">
      <Filter>Header Files</Filter>
    </ClInclude>
    <ClInclude Include="include\common_types.h">
      <Filter>Header Files</Filter>
    </ClInclude>
    <ClInclude Include="include\Metadata.h">
      <Filter>Header Files</Filter>
    </ClInclude>
    <ClInclude Include="include\New.h">
      <Filter>Header Files</Filter>
    </ClInclude>
    <ClInclude Include="include\PropertyDictionary.h">
      <Filter>Header Files</Filter>
    </ClInclude>
    <ClInclude Include="include\common_functions.h">
      <Filter>Header Files</Filter>
    </ClInclude>
    <ClInclude Include="include\MetadataCollection.h">
      <Filter>Header Files</Filter>
    </ClInclude>
    <ClInclude Include="include\GameState.h">
      <Filter>Header Files</Filter>
    </ClInclude>
    <ClInclude Include="include\MessageLogView.h">
      <Filter>Header Files</Filter>
    </ClInclude>
    <ClInclude Include="include\LuaThingFunctions.h">
      <Filter>Header Files</Filter>
    </ClInclude>
    <ClInclude Include="include\stdafx.h">
      <Filter>Header Files</Filter>
    </ClInclude>
    <ClInclude Include="include\LuaObject.h">
      <Filter>Header Files</Filter>
    </ClInclude>
    <ClInclude Include="include\Visitor.h">
      <Filter>Header Files</Filter>
    </ClInclude>
    <ClInclude Include="include\SFMLEventHandler.h">
      <Filter>Header Files</Filter>
    </ClInclude>
    <ClInclude Include="include\ModifiablePropertyDictionary.h">
      <Filter>Header Files</Filter>
    </ClInclude>
    <ClInclude Include="include\ThingId.h">
      <Filter>Header Files</Filter>
    </ClInclude>
    <ClInclude Include="include\Action.h">
      <Filter>Actions</Filter>
    </ClInclude>
    <ClInclude Include="include\ActionAttack.h">
      <Filter>Actions</Filter>
    </ClInclude>
    <ClInclude Include="include\ActionAttire.h">
      <Filter>Actions</Filter>
    </ClInclude>
    <ClInclude Include="include\ActionClose.h">
      <Filter>Actions</Filter>
    </ClInclude>
    <ClInclude Include="include\ActionCRTP.h">
      <Filter>Actions</Filter>
    </ClInclude>
    <ClInclude Include="include\ActionDie.h">
      <Filter>Actions</Filter>
    </ClInclude>
    <ClInclude Include="include\ActionDrop.h">
      <Filter>Actions</Filter>
    </ClInclude>
    <ClInclude Include="include\ActionEat.h">
      <Filter>Actions</Filter>
    </ClInclude>
    <ClInclude Include="include\ActionFill.h">
      <Filter>Actions</Filter>
    </ClInclude>
    <ClInclude Include="include\ActionGet.h">
      <Filter>Actions</Filter>
    </ClInclude>
    <ClInclude Include="include\ActionHurl.h">
      <Filter>Actions</Filter>
    </ClInclude>
    <ClInclude Include="include\ActionInscribe.h">
      <Filter>Actions</Filter>
    </ClInclude>
    <ClInclude Include="include\ActionLock.h">
      <Filter>Actions</Filter>
    </ClInclude>
    <ClInclude Include="include\ActionMix.h">
      <Filter>Actions</Filter>
    </ClInclude>
    <ClInclude Include="include\ActionMove.h">
      <Filter>Actions</Filter>
    </ClInclude>
    <ClInclude Include="include\ActionOpen.h">
      <Filter>Actions</Filter>
    </ClInclude>
    <ClInclude Include="include\ActionPutInto.h">
      <Filter>Actions</Filter>
    </ClInclude>
    <ClInclude Include="include\ActionQuaff.h">
      <Filter>Actions</Filter>
    </ClInclude>
    <ClInclude Include="include\ActionRead.h">
      <Filter>Actions</Filter>
    </ClInclude>
    <ClInclude Include="include\ActionResult.h">
      <Filter>Actions</Filter>
    </ClInclude>
    <ClInclude Include="include\ActionShoot.h">
      <Filter>Actions</Filter>
    </ClInclude>
    <ClInclude Include="include\ActionTakeOut.h">
      <Filter>Actions</Filter>
    </ClInclude>
    <ClInclude Include="include\ActionUnlock.h">
      <Filter>Actions</Filter>
    </ClInclude>
    <ClInclude Include="include\ActionUse.h">
      <Filter>Actions</Filter>
    </ClInclude>
    <ClInclude Include="include\ActionWait.h">
      <Filter>Actions</Filter>
    </ClInclude>
    <ClInclude Include="include\ActionWield.h">
      <Filter>Actions</Filter>
    </ClInclude>
    <ClInclude Include="include\MapCorridor.h">
      <Filter>Map Features</Filter>
    </ClInclude>
    <ClInclude Include="include\MapDiamond.h">
      <Filter>Map Features</Filter>
    </ClInclude>
    <ClInclude Include="include\MapDonutRoom.h">
      <Filter>Map Features</Filter>
    </ClInclude>
    <ClInclude Include="include\MapFeature.h">
      <Filter>Map Features</Filter>
    </ClInclude>
    <ClInclude Include="include\MapGenerator.h">
      <Filter>Map Features</Filter>
    </ClInclude>
    <ClInclude Include="include\MapLRoom.h">
      <Filter>Map Features</Filter>
    </ClInclude>
    <ClInclude Include="include\MapRoom.h">
      <Filter>Map Features</Filter>
    </ClInclude>
    <ClInclude Include="gui\GUICloseHandle.h">
      <Filter>GUI Elements</Filter>
    </ClInclude>
    <ClInclude Include="gui\GUIDesktop.h">
      <Filter>GUI Elements</Filter>
    </ClInclude>
    <ClInclude Include="gui\GUIEvent.h">
      <Filter>GUI Elements</Filter>
    </ClInclude>
    <ClInclude Include="gui\GUILabel.h">
      <Filter>GUI Elements</Filter>
    </ClInclude>
    <ClInclude Include="gui\GUIObject.h">
      <Filter>GUI Elements</Filter>
    </ClInclude>
    <ClInclude Include="gui\GUIResizeHandle.h">
      <Filter>GUI Elements</Filter>
    </ClInclude>
    <ClInclude Include="gui\GUIShrinkHandle.h">
      <Filter>GUI Elements</Filter>
    </ClInclude>
    <ClInclude Include="gui\GUITitleBar.h">
      <Filter>GUI Elements</Filter>
    </ClInclude>
    <ClInclude Include="gui\GUIWindow.h">
      <Filter>GUI Elements</Filter>
    </ClInclude>
    <ClInclude Include="include\AppState.h">
      <Filter>App States</Filter>
    </ClInclude>
    <ClInclude Include="include\AppStateGameMode.h">
      <Filter>App States</Filter>
    </ClInclude>
    <ClInclude Include="include\AppStateMainMenu.h">
      <Filter>App States</Filter>
    </ClInclude>
    <ClInclude Include="include\AppStateSplashScreen.h">
      <Filter>App States</Filter>
    </ClInclude>
    <ClInclude Include="include\Beatitude.h">
      <Filter>Types</Filter>
    </ClInclude>
    <ClInclude Include="include\BodyPart.h">
      <Filter>Types</Filter>
    </ClInclude>
    <ClInclude Include="include\Direction.h">
      <Filter>Types</Filter>
    </ClInclude>
    <ClInclude Include="include\Gender.h">
      <Filter>Types</Filter>
    </ClInclude>
    <ClInclude Include="include\IntegerRange.h">
      <Filter>Types</Filter>
    </ClInclude>
    <ClInclude Include="include\Ordinal.h">
      <Filter>Types</Filter>
    </ClInclude>
    <ClInclude Include="include\LightInfluence.h">
      <Filter>Types</Filter>
    </ClInclude>
    <ClInclude Include="include\ShaderEffect.h">
      <Filter>Types</Filter>
    </ClInclude>
    <ClInclude Include="include\InventorySlot.h">
      <Filter>Types</Filter>
    </ClInclude>
    <ClInclude Include="include\GeoVector.h">
      <Filter>Types</Filter>
    </ClInclude>
    <ClInclude Include="include\MapMemoryChunk.h">
      <Filter>Header Files</Filter>
    </ClInclude>
    <ClInclude Include="include\StringTransforms.h">
      <Filter>Header Files</Filter>
    </ClInclude>
    <ClInclude Include="include\RNGUtils.h">
      <Filter>Header Files</Filter>
    </ClInclude>
    <ClInclude Include="include\ActionTurn.h">
      <Filter>Actions</Filter>
    </ClInclude>
    <ClInclude Include="include\MapFactory.h">
      <Filter>Header Files</Filter>
    </ClInclude>
    <ClInclude Include="include\MapView.h">
      <Filter>Object Views</Filter>
    </ClInclude>
    <ClInclude Include="include\MapStandard2DView.h">
      <Filter>Object Views</Filter>
    </ClInclude>
    <ClInclude Include="include\ThingView.h">
      <Filter>Object Views</Filter>
    </ClInclude>
  </ItemGroup>
  <ItemGroup>
    <ClCompile Include="src\App.cpp">
      <Filter>Source Files</Filter>
    </ClCompile>
    <ClCompile Include="src\ConfigSettings.cpp">
      <Filter>Source Files</Filter>
    </ClCompile>
    <ClCompile Include="src\ErrorHandler.cpp">
      <Filter>Source Files</Filter>
    </ClCompile>
    <ClCompile Include="src\GameObject.cpp">
      <Filter>Source Files</Filter>
    </ClCompile>
    <ClCompile Include="src\Inventory.cpp">
      <Filter>Source Files</Filter>
    </ClCompile>
    <ClCompile Include="src\InventoryArea.cpp">
      <Filter>Source Files</Filter>
    </ClCompile>
    <ClCompile Include="src\KeyBuffer.cpp">
      <Filter>Source Files</Filter>
    </ClCompile>
    <ClCompile Include="src\Map.cpp">
      <Filter>Source Files</Filter>
    </ClCompile>
    <ClCompile Include="src\MapTile.cpp">
      <Filter>Source Files</Filter>
    </ClCompile>
    <ClCompile Include="src\MessageLog.cpp">
      <Filter>Source Files</Filter>
    </ClCompile>
    <ClCompile Include="src\State.cpp">
      <Filter>Source Files</Filter>
    </ClCompile>
    <ClCompile Include="src\StateMachine.cpp">
      <Filter>Source Files</Filter>
    </ClCompile>
    <ClCompile Include="src\StatusArea.cpp">
      <Filter>Source Files</Filter>
    </ClCompile>
    <ClCompile Include="src\Thing.cpp">
      <Filter>Source Files</Filter>
    </ClCompile>
    <ClCompile Include="src\TileSheet.cpp">
      <Filter>Source Files</Filter>
    </ClCompile>
    <ClCompile Include="main.cpp">
      <Filter>Source Files</Filter>
    </ClCompile>
    <ClCompile Include="src\ThingManager.cpp">
      <Filter>Source Files</Filter>
    </ClCompile>
    <ClCompile Include="src\Metadata.cpp">
      <Filter>Source Files</Filter>
    </ClCompile>
    <ClCompile Include="src\MetadataCollection.cpp">
      <Filter>Source Files</Filter>
    </ClCompile>
    <ClCompile Include="src\GameState.cpp">
      <Filter>Source Files</Filter>
    </ClCompile>
    <ClCompile Include="src\MessageLogView.cpp">
      <Filter>Source Files</Filter>
    </ClCompile>
    <ClCompile Include="src\LuaThingFunctions.cpp">
      <Filter>Source Files</Filter>
    </ClCompile>
    <ClCompile Include="src\stdafx.cpp">
      <Filter>Source Files</Filter>
    </ClCompile>
    <ClCompile Include="src\LuaObject.cpp">
      <Filter>Source Files</Filter>
    </ClCompile>
    <ClCompile Include="src\ModifiablePropertyDictionary.cpp">
      <Filter>Source Files</Filter>
    </ClCompile>
    <ClCompile Include="src\ThingId.cpp">
      <Filter>Source Files</Filter>
    </ClCompile>
    <ClCompile Include="src\Action.cpp">
      <Filter>Actions</Filter>
    </ClCompile>
    <ClCompile Include="src\ActionAttack.cpp">
      <Filter>Actions</Filter>
    </ClCompile>
    <ClCompile Include="src\ActionAttire.cpp">
      <Filter>Actions</Filter>
    </ClCompile>
    <ClCompile Include="src\ActionClose.cpp">
      <Filter>Actions</Filter>
    </ClCompile>
    <ClCompile Include="src\ActionDrop.cpp">
      <Filter>Actions</Filter>
    </ClCompile>
    <ClCompile Include="src\ActionEat.cpp">
      <Filter>Actions</Filter>
    </ClCompile>
    <ClCompile Include="src\ActionFill.cpp">
      <Filter>Actions</Filter>
    </ClCompile>
    <ClCompile Include="src\ActionGet.cpp">
      <Filter>Actions</Filter>
    </ClCompile>
    <ClCompile Include="src\ActionHurl.cpp">
      <Filter>Actions</Filter>
    </ClCompile>
    <ClCompile Include="src\ActionInscribe.cpp">
      <Filter>Actions</Filter>
    </ClCompile>
    <ClCompile Include="src\ActionLock.cpp">
      <Filter>Actions</Filter>
    </ClCompile>
    <ClCompile Include="src\ActionMix.cpp">
      <Filter>Actions</Filter>
    </ClCompile>
    <ClCompile Include="src\ActionMove.cpp">
      <Filter>Actions</Filter>
    </ClCompile>
    <ClCompile Include="src\ActionOpen.cpp">
      <Filter>Actions</Filter>
    </ClCompile>
    <ClCompile Include="src\ActionPutInto.cpp">
      <Filter>Actions</Filter>
    </ClCompile>
    <ClCompile Include="src\ActionQuaff.cpp">
      <Filter>Actions</Filter>
    </ClCompile>
    <ClCompile Include="src\ActionRead.cpp">
      <Filter>Actions</Filter>
    </ClCompile>
    <ClCompile Include="src\ActionShoot.cpp">
      <Filter>Actions</Filter>
    </ClCompile>
    <ClCompile Include="src\ActionTakeOut.cpp">
      <Filter>Actions</Filter>
    </ClCompile>
    <ClCompile Include="src\ActionUnlock.cpp">
      <Filter>Actions</Filter>
    </ClCompile>
    <ClCompile Include="src\ActionUse.cpp">
      <Filter>Actions</Filter>
    </ClCompile>
    <ClCompile Include="src\ActionWait.cpp">
      <Filter>Actions</Filter>
    </ClCompile>
    <ClCompile Include="src\ActionWield.cpp">
      <Filter>Actions</Filter>
    </ClCompile>
    <ClCompile Include="src\mapfeatures\MapCorridor.cpp">
      <Filter>Map Features</Filter>
    </ClCompile>
    <ClCompile Include="src\mapfeatures\MapDiamond.cpp">
      <Filter>Map Features</Filter>
    </ClCompile>
    <ClCompile Include="src\mapfeatures\MapDonutRoom.cpp">
      <Filter>Map Features</Filter>
    </ClCompile>
    <ClCompile Include="src\mapfeatures\MapFeature.cpp">
      <Filter>Map Features</Filter>
    </ClCompile>
    <ClCompile Include="src\mapfeatures\MapGenerator.cpp">
      <Filter>Map Features</Filter>
    </ClCompile>
    <ClCompile Include="src\mapfeatures\MapLRoom.cpp">
      <Filter>Map Features</Filter>
    </ClCompile>
    <ClCompile Include="src\mapfeatures\MapRoom.cpp">
      <Filter>Map Features</Filter>
    </ClCompile>
    <ClCompile Include="gui\GUICloseHandle.cpp">
      <Filter>GUI Elements</Filter>
    </ClCompile>
    <ClCompile Include="gui\GUIDesktop.cpp">
      <Filter>GUI Elements</Filter>
    </ClCompile>
    <ClCompile Include="gui\GUILabel.cpp">
      <Filter>GUI Elements</Filter>
    </ClCompile>
    <ClCompile Include="gui\GUIObject.cpp">
      <Filter>GUI Elements</Filter>
    </ClCompile>
    <ClCompile Include="gui\GUIResizeHandle.cpp">
      <Filter>GUI Elements</Filter>
    </ClCompile>
    <ClCompile Include="gui\GUIShrinkHandle.cpp">
      <Filter>GUI Elements</Filter>
    </ClCompile>
    <ClCompile Include="gui\GUITitleBar.cpp">
      <Filter>GUI Elements</Filter>
    </ClCompile>
    <ClCompile Include="gui\GUIWindow.cpp">
      <Filter>GUI Elements</Filter>
    </ClCompile>
    <ClCompile Include="src\AppState.cpp">
      <Filter>App States</Filter>
    </ClCompile>
    <ClCompile Include="src\AppStateGameMode.cpp">
      <Filter>App States</Filter>
    </ClCompile>
    <ClCompile Include="src\AppStateMainMenu.cpp">
      <Filter>App States</Filter>
    </ClCompile>
    <ClCompile Include="src\AppStateSplashScreen.cpp">
      <Filter>App States</Filter>
    </ClCompile>
    <ClCompile Include="src\Direction.cpp">
      <Filter>Types</Filter>
    </ClCompile>
    <ClCompile Include="src\Gender.cpp">
      <Filter>Types</Filter>
    </ClCompile>
    <ClCompile Include="src\PropertyDictionary.cpp">
      <Filter>Source Files</Filter>
    </ClCompile>
    <ClCompile Include="src\IntegerRange.cpp">
      <Filter>Types</Filter>
    </ClCompile>
    <ClCompile Include="src\ActionTurn.cpp">
      <Filter>Actions</Filter>
    </ClCompile>
    <ClCompile Include="src\MapFactory.cpp">
      <Filter>Header Files</Filter>
    </ClCompile>
    <ClCompile Include="src\MapView.cpp">
      <Filter>Object Views</Filter>
    </ClCompile>
    <ClCompile Include="src\MapStandard2DView.cpp">
      <Filter>Object Views</Filter>
    </ClCompile>
    <ClCompile Include="src\ThingView.cpp">
      <Filter>Object Views</Filter>
    </ClCompile>
  </ItemGroup>
  <ItemGroup>
    <None Include="README.md">
      <Filter>Resource Files</Filter>
    </None>
    <None Include=".gitignore">
      <Filter>Resource Files</Filter>
    </None>
    <None Include="resources\shaders\default.frag">
      <Filter>Resource Files\Shaders</Filter>
    </None>
    <None Include="resources\shaders\default.vert">
      <Filter>Resource Files\Shaders</Filter>
    </None>
    <None Include="resources\things\Animal.lua">
      <Filter>Resource Files\Thing Scripts</Filter>
    </None>
    <None Include="resources\things\Biped.lua">
      <Filter>Resource Files\Thing Scripts</Filter>
    </None>
    <None Include="resources\things\Blob.lua">
      <Filter>Resource Files\Thing Scripts</Filter>
    </None>
    <None Include="resources\things\Chest.lua">
      <Filter>Resource Files\Thing Scripts</Filter>
    </None>
    <None Include="resources\things\ChestWooden.lua">
      <Filter>Resource Files\Thing Scripts</Filter>
    </None>
    <None Include="resources\things\Coin.lua">
      <Filter>Resource Files\Thing Scripts</Filter>
    </None>
    <None Include="resources\things\CoinGold.lua">
      <Filter>Resource Files\Thing Scripts</Filter>
    </None>
    <None Include="resources\things\Container.lua">
      <Filter>Resource Files\Thing Scripts</Filter>
    </None>
    <None Include="resources\things\Dagger.lua">
      <Filter>Resource Files\Thing Scripts</Filter>
    </None>
    <None Include="resources\things\Entity.lua">
      <Filter>Resource Files\Thing Scripts</Filter>
    </None>
    <None Include="resources\things\Human.lua">
      <Filter>Resource Files\Thing Scripts</Filter>
    </None>
    <None Include="resources\things\LightOrb.lua">
      <Filter>Resource Files\Thing Scripts</Filter>
    </None>
    <None Include="resources\things\LightSource.lua">
      <Filter>Resource Files\Thing Scripts</Filter>
    </None>
    <None Include="resources\things\Mu.lua">
      <Filter>Resource Files\Thing Scripts</Filter>
    </None>
    <None Include="resources\things\Rock.lua">
      <Filter>Resource Files\Thing Scripts</Filter>
    </None>
    <None Include="resources\things\RockLichen.lua">
      <Filter>Resource Files\Thing Scripts</Filter>
    </None>
    <None Include="resources\things\SackCloth.lua">
      <Filter>Resource Files\Thing Scripts</Filter>
    </None>
    <None Include="resources\things\Sapient.lua">
      <Filter>Resource Files\Thing Scripts</Filter>
    </None>
    <None Include="resources\things\Sconce.lua">
      <Filter>Resource Files\Thing Scripts</Filter>
    </None>
    <None Include="resources\things\Thing.lua">
      <Filter>Resource Files\Thing Scripts</Filter>
    </None>
    <None Include="resources\things\TileContents.lua">
      <Filter>Resource Files\Thing Scripts</Filter>
    </None>
    <None Include="resources\things\Weapon.lua">
      <Filter>Resource Files\Thing Scripts</Filter>
    </None>
    <None Include="resources\things\WeaponCutting.lua">
      <Filter>Resource Files\Thing Scripts</Filter>
    </None>
    <None Include="resources\things\WeaponStabbing.lua">
      <Filter>Resource Files\Thing Scripts</Filter>
    </None>
    <None Include="resources\things\WeaponStrangling.lua">
      <Filter>Resource Files\Thing Scripts</Filter>
    </None>
    <None Include="resources\things\WeaponStriking.lua">
      <Filter>Resource Files\Thing Scripts</Filter>
    </None>
    <None Include="resources\maptiles\MTFloor.lua">
      <Filter>Resource Files\MapTile Scripts</Filter>
    </None>
    <None Include="resources\maptiles\MTFloorDirt.lua">
      <Filter>Resource Files\MapTile Scripts</Filter>
    </None>
    <None Include="resources\maptiles\MTFloorStone.lua">
      <Filter>Resource Files\MapTile Scripts</Filter>
    </None>
    <None Include="resources\maptiles\MTUnknown.lua">
      <Filter>Resource Files\MapTile Scripts</Filter>
    </None>
    <None Include="resources\maptiles\MTWall.lua">
      <Filter>Resource Files\MapTile Scripts</Filter>
    </None>
    <None Include="resources\maptiles\MTWallStone.lua">
      <Filter>Resource Files\MapTile Scripts</Filter>
    </None>
    <None Include="resources\deepcopy.lua">
      <Filter>Resource Files\Other Scripts</Filter>
    </None>
    <None Include="resources\default.lua">
      <Filter>Resource Files\Other Scripts</Filter>
    </None>
    <None Include="resources\scripts\map.lua">
      <Filter>Resource Files\Other Scripts</Filter>
    </None>
  </ItemGroup>
</Project>