<?xml version="1.0" encoding="utf-8"?>
<Project ToolsVersion="4.0" xmlns="http://schemas.microsoft.com/developer/msbuild/2003">
  <ItemGroup>
    <Filter Include="Source Files">
      <UniqueIdentifier>{4FC737F1-C7A5-4376-A066-2A32D752A2FF}</UniqueIdentifier>
      <Extensions>cpp;c;cc;cxx;def;odl;idl;hpj;bat;asm;asmx</Extensions>
    </Filter>
    <Filter Include="Header Files">
      <UniqueIdentifier>{93995380-89BD-4b04-88EB-625FBE52EBFB}</UniqueIdentifier>
      <Extensions>h;hh;hpp;hxx;hm;inl;inc;xsd</Extensions>
    </Filter>
    <Filter Include="Resource Files">
      <UniqueIdentifier>{67DA6AB6-F800-4c08-8B7A-83BB121AAD01}</UniqueIdentifier>
      <Extensions>rc;ico;cur;bmp;dlg;rc2;rct;bin;rgs;gif;jpg;jpeg;jpe;resx;tiff;tif;png;wav;mfcribbon-ms</Extensions>
    </Filter>
  </ItemGroup>
  <ItemGroup>
    <ClInclude Include="include\Action.h">
      <Filter>Header Files</Filter>
    </ClInclude>
    <ClInclude Include="include\ActionResult.h">
      <Filter>Header Files</Filter>
    </ClInclude>
    <ClInclude Include="include\App.h">
      <Filter>Header Files</Filter>
    </ClInclude>
    <ClInclude Include="include\AppStateGameMode.h">
      <Filter>Header Files</Filter>
    </ClInclude>
    <ClInclude Include="include\AppStateMainMenu.h">
      <Filter>Header Files</Filter>
    </ClInclude>
    <ClInclude Include="include\AppStateSplashScreen.h">
      <Filter>Header Files</Filter>
    </ClInclude>
    <ClInclude Include="include\Attribute.h">
      <Filter>Header Files</Filter>
    </ClInclude>
    <ClInclude Include="include\AttributeSet.h">
      <Filter>Header Files</Filter>
    </ClInclude>
    <ClInclude Include="include\Beatitude.h">
      <Filter>Header Files</Filter>
    </ClInclude>
    <ClInclude Include="include\BodyPart.h">
      <Filter>Header Files</Filter>
    </ClInclude>
    <ClInclude Include="include\common_enums.h">
      <Filter>Header Files</Filter>
    </ClInclude>
    <ClInclude Include="include\ConfigSettings.h">
      <Filter>Header Files</Filter>
    </ClInclude>
    <ClInclude Include="include\Direction.h">
      <Filter>Header Files</Filter>
    </ClInclude>
    <ClInclude Include="include\ErrorHandler.h">
      <Filter>Header Files</Filter>
    </ClInclude>
    <ClInclude Include="include\EventHandler.h">
      <Filter>Header Files</Filter>
    </ClInclude>
    <ClInclude Include="include\GameObject.h">
      <Filter>Header Files</Filter>
    </ClInclude>
    <ClInclude Include="include\Gender.h">
      <Filter>Header Files</Filter>
    </ClInclude>
    <ClInclude Include="include\GeoVector.h">
      <Filter>Header Files</Filter>
    </ClInclude>
    <ClInclude Include="include\GetLetterKey.h">
      <Filter>Header Files</Filter>
    </ClInclude>
    <ClInclude Include="include\Inventory.h">
      <Filter>Header Files</Filter>
    </ClInclude>
    <ClInclude Include="include\InventoryArea.h">
      <Filter>Header Files</Filter>
    </ClInclude>
    <ClInclude Include="include\InventorySlot.h">
      <Filter>Header Files</Filter>
    </ClInclude>
    <ClInclude Include="include\KeyBuffer.h">
      <Filter>Header Files</Filter>
    </ClInclude>
    <ClInclude Include="include\Map.h">
      <Filter>Header Files</Filter>
    </ClInclude>
    <ClInclude Include="include\MapFactory.h">
      <Filter>Header Files</Filter>
    </ClInclude>
    <ClInclude Include="include\MapId.h">
      <Filter>Header Files</Filter>
    </ClInclude>
    <ClInclude Include="include\MapTile.h">
      <Filter>Header Files</Filter>
    </ClInclude>
    <ClInclude Include="include\MapTileType.h">
      <Filter>Header Files</Filter>
    </ClInclude>
    <ClInclude Include="include\MathUtils.h">
      <Filter>Header Files</Filter>
    </ClInclude>
    <ClInclude Include="include\MessageLog.h">
      <Filter>Header Files</Filter>
    </ClInclude>
    <ClInclude Include="include\Ordinal.h">
      <Filter>Header Files</Filter>
    </ClInclude>
    <ClInclude Include="include\Renderable.h">
      <Filter>Header Files</Filter>
    </ClInclude>
    <ClInclude Include="include\ShaderEffect.h">
      <Filter>Header Files</Filter>
    </ClInclude>
    <ClInclude Include="include\SpritePrototype.h">
      <Filter>Header Files</Filter>
    </ClInclude>
    <ClInclude Include="include\State.h">
      <Filter>Header Files</Filter>
    </ClInclude>
    <ClInclude Include="include\StateMachine.h">
      <Filter>Header Files</Filter>
    </ClInclude>
    <ClInclude Include="include\StatusArea.h">
      <Filter>Header Files</Filter>
    </ClInclude>
    <ClInclude Include="include\Thing.h">
      <Filter>Header Files</Filter>
    </ClInclude>
    <ClInclude Include="include\TileSheet.h">
      <Filter>Header Files</Filter>
    </ClInclude>
    <ClInclude Include="include\ai\AISessile.h">
      <Filter>Header Files</Filter>
    </ClInclude>
    <ClInclude Include="include\ai\AIStrategy.h">
      <Filter>Header Files</Filter>
    </ClInclude>
    <ClInclude Include="include\gui\GUIPane.h">
      <Filter>Header Files</Filter>
    </ClInclude>
    <ClInclude Include="include\mapfeatures\MapCorridor.h">
      <Filter>Header Files</Filter>
    </ClInclude>
    <ClInclude Include="include\mapfeatures\MapDiamond.h">
      <Filter>Header Files</Filter>
    </ClInclude>
    <ClInclude Include="include\mapfeatures\MapDonutRoom.h">
      <Filter>Header Files</Filter>
    </ClInclude>
    <ClInclude Include="include\mapfeatures\MapFeature.h">
      <Filter>Header Files</Filter>
    </ClInclude>
    <ClInclude Include="include\mapfeatures\MapGenerator.h">
      <Filter>Header Files</Filter>
    </ClInclude>
    <ClInclude Include="include\mapfeatures\MapLRoom.h">
      <Filter>Header Files</Filter>
    </ClInclude>
    <ClInclude Include="include\mapfeatures\MapRoom.h">
      <Filter>Header Files</Filter>
    </ClInclude>
    <ClInclude Include="include\ThingManager.h">
      <Filter>Header Files</Filter>
    </ClInclude>
    <ClInclude Include="include\ThingMetadata.h">
      <Filter>Header Files</Filter>
    </ClInclude>
    <ClInclude Include="include\ThingRef.h">
      <Filter>Header Files</Filter>
    </ClInclude>
    <ClInclude Include="include\Lua.h">
      <Filter>Header Files</Filter>
    </ClInclude>
  </ItemGroup>
  <ItemGroup>
    <ClCompile Include="src\App.cpp">
      <Filter>Source Files</Filter>
    </ClCompile>
    <ClCompile Include="src\AppStateGameMode.cpp">
      <Filter>Source Files</Filter>
    </ClCompile>
    <ClCompile Include="src\AppStateMainMenu.cpp">
      <Filter>Source Files</Filter>
    </ClCompile>
    <ClCompile Include="src\AppStateSplashScreen.cpp">
      <Filter>Source Files</Filter>
    </ClCompile>
    <ClCompile Include="src\AttributeSet.cpp">
      <Filter>Source Files</Filter>
    </ClCompile>
    <ClCompile Include="src\ConfigSettings.cpp">
      <Filter>Source Files</Filter>
    </ClCompile>
    <ClCompile Include="src\ErrorHandler.cpp">
      <Filter>Source Files</Filter>
    </ClCompile>
    <ClCompile Include="src\GameObject.cpp">
      <Filter>Source Files</Filter>
    </ClCompile>
    <ClCompile Include="src\Gender.cpp">
      <Filter>Source Files</Filter>
    </ClCompile>
    <ClCompile Include="src\Inventory.cpp">
      <Filter>Source Files</Filter>
    </ClCompile>
    <ClCompile Include="src\InventoryArea.cpp">
      <Filter>Source Files</Filter>
    </ClCompile>
    <ClCompile Include="src\KeyBuffer.cpp">
      <Filter>Source Files</Filter>
    </ClCompile>
    <ClCompile Include="src\Map.cpp">
      <Filter>Source Files</Filter>
    </ClCompile>
    <ClCompile Include="src\MapFactory.cpp">
      <Filter>Source Files</Filter>
    </ClCompile>
    <ClCompile Include="src\MapTile.cpp">
      <Filter>Source Files</Filter>
    </ClCompile>
    <ClCompile Include="src\MapTileType.cpp">
      <Filter>Source Files</Filter>
    </ClCompile>
    <ClCompile Include="src\MessageLog.cpp">
      <Filter>Source Files</Filter>
    </ClCompile>
    <ClCompile Include="src\State.cpp">
      <Filter>Source Files</Filter>
    </ClCompile>
    <ClCompile Include="src\StateMachine.cpp">
      <Filter>Source Files</Filter>
    </ClCompile>
    <ClCompile Include="src\StatusArea.cpp">
      <Filter>Source Files</Filter>
    </ClCompile>
    <ClCompile Include="src\Thing.cpp">
      <Filter>Source Files</Filter>
    </ClCompile>
    <ClCompile Include="src\TileSheet.cpp">
      <Filter>Source Files</Filter>
    </ClCompile>
    <ClCompile Include="src\ai\AISessile.cpp">
      <Filter>Source Files</Filter>
    </ClCompile>
    <ClCompile Include="src\ai\AIStrategy.cpp">
      <Filter>Source Files</Filter>
    </ClCompile>
    <ClCompile Include="src\gui\GUIPane.cpp">
      <Filter>Source Files</Filter>
    </ClCompile>
    <ClCompile Include="src\mapfeatures\MapCorridor.cpp">
      <Filter>Source Files</Filter>
    </ClCompile>
    <ClCompile Include="src\mapfeatures\MapDiamond.cpp">
      <Filter>Source Files</Filter>
    </ClCompile>
    <ClCompile Include="src\mapfeatures\MapDonutRoom.cpp">
      <Filter>Source Files</Filter>
    </ClCompile>
    <ClCompile Include="src\mapfeatures\MapFeature.cpp">
      <Filter>Source Files</Filter>
    </ClCompile>
    <ClCompile Include="src\mapfeatures\MapGenerator.cpp">
      <Filter>Source Files</Filter>
    </ClCompile>
    <ClCompile Include="src\mapfeatures\MapLRoom.cpp">
      <Filter>Source Files</Filter>
    </ClCompile>
    <ClCompile Include="src\mapfeatures\MapRoom.cpp">
      <Filter>Source Files</Filter>
    </ClCompile>
    <ClCompile Include="main.cpp">
      <Filter>Source Files</Filter>
    </ClCompile>
    <ClCompile Include="src\ThingManager.cpp">
      <Filter>Source Files</Filter>
    </ClCompile>
    <ClCompile Include="src\ThingMetadata.cpp">
      <Filter>Source Files</Filter>
    </ClCompile>
    <ClCompile Include="src\ThingRef.cpp">
      <Filter>Source Files</Filter>
    </ClCompile>
    <ClCompile Include="src\Lua.cpp">
      <Filter>Source Files</Filter>
    </ClCompile>
  </ItemGroup>
  <ItemGroup>
    <Xml Include="resources\things\Thing.xml">
      <Filter>Resource Files</Filter>
    </Xml>
    <Xml Include="resources\things\Sconce.xml">
      <Filter>Resource Files</Filter>
    </Xml>
    <Xml Include="resources\things\LightOrb.xml">
      <Filter>Resource Files</Filter>
    </Xml>
    <Xml Include="resources\things\SackLarge.xml">
      <Filter>Resource Files</Filter>
    </Xml>
    <Xml Include="resources\things\Biped.xml">
      <Filter>Resource Files</Filter>
    </Xml>
    <Xml Include="resources\things\Blob.xml">
      <Filter>Resource Files</Filter>
    </Xml>
    <Xml Include="resources\things\ChestWooden.xml">
      <Filter>Resource Files</Filter>
    </Xml>
    <Xml Include="resources\things\CoinGold.xml">
      <Filter>Resource Files</Filter>
    </Xml>
    <Xml Include="resources\things\Human.xml">
      <Filter>Resource Files</Filter>
    </Xml>
    <Xml Include="resources\things\RockLichen.xml">
      <Filter>Resource Files</Filter>
    </Xml>
    <Xml Include="resources\things\Rock.xml">
      <Filter>Resource Files</Filter>
    </Xml>
    <Xml Include="resources\things\Floor.xml">
      <Filter>Resource Files</Filter>
    </Xml>
    <Xml Include="resources\things\Mu.xml">
      <Filter>Resource Files</Filter>
    </Xml>
    <Xml Include="resources\things\LightSource.xml">
      <Filter>Resource Files</Filter>
    </Xml>
    <Xml Include="resources\things\Entity.xml">
      <Filter>Resource Files</Filter>
    </Xml>
  </ItemGroup>
  <ItemGroup>
    <None Include="resources\default.lua">
      <Filter>Resource Files</Filter>
    </None>
    <None Include="resources\things\Rock.lua">
      <Filter>Resource Files</Filter>
    </None>
    <None Include="resources\things\Biped.lua">
      <Filter>Resource Files</Filter>
    </None>
  </ItemGroup>
</Project>