<?xml version="1.0" encoding="utf-8"?>
<Project ToolsVersion="4.0" xmlns="http://schemas.microsoft.com/developer/msbuild/2003">
  <ItemGroup>
    <Filter Include="Source Files">
      <UniqueIdentifier>{4FC737F1-C7A5-4376-A066-2A32D752A2FF}</UniqueIdentifier>
      <Extensions>cpp;c;cc;cxx;def;odl;idl;hpj;bat;asm;asmx</Extensions>
    </Filter>
    <Filter Include="Header Files">
      <UniqueIdentifier>{93995380-89BD-4b04-88EB-625FBE52EBFB}</UniqueIdentifier>
      <Extensions>h;hh;hpp;hxx;hm;inl;inc;xsd</Extensions>
    </Filter>
    <Filter Include="Resource Files">
      <UniqueIdentifier>{67DA6AB6-F800-4c08-8B7A-83BB121AAD01}</UniqueIdentifier>
      <Extensions>rc;ico;cur;bmp;dlg;rc2;rct;bin;rgs;gif;jpg;jpeg;jpe;resx;tiff;tif;png;wav;mfcribbon-ms</Extensions>
    </Filter>
    <Filter Include="Actions">
      <UniqueIdentifier>{3a58d7d7-a1d1-4435-8f09-20d646081c56}</UniqueIdentifier>
    </Filter>
    <Filter Include="Map Features">
      <UniqueIdentifier>{be47de27-b524-43a5-830c-65cf97636bb6}</UniqueIdentifier>
    </Filter>
    <Filter Include="GUI Elements">
      <UniqueIdentifier>{41ec2d36-1834-4765-bb9a-cb665c7f8e1b}</UniqueIdentifier>
    </Filter>
    <Filter Include="App States">
      <UniqueIdentifier>{c64b3cd5-4ed5-46a1-a3bc-710ceb9d4bd6}</UniqueIdentifier>
    </Filter>
    <Filter Include="Types">
      <UniqueIdentifier>{fc4cfdb3-3d4e-4fd9-8582-0b0ad3143c2b}</UniqueIdentifier>
    </Filter>
    <Filter Include="Resource Files\MapTile Scripts">
      <UniqueIdentifier>{b1fae8d5-f589-4b88-960f-c830a3f9058b}</UniqueIdentifier>
    </Filter>
    <Filter Include="Resource Files\Other Scripts">
      <UniqueIdentifier>{cb70d4b5-22c1-42ff-b1f8-55604229f88e}</UniqueIdentifier>
    </Filter>
    <Filter Include="Resource Files\Shaders">
      <UniqueIdentifier>{77a3351a-cfa7-45aa-ba4d-fe17aae1e83d}</UniqueIdentifier>
    </Filter>
    <Filter Include="Object Views">
      <UniqueIdentifier>{310b5b1e-9be6-4227-8799-6b5fdc29b60b}</UniqueIdentifier>
    </Filter>
    <Filter Include="Design Pattern Templates">
      <UniqueIdentifier>{b443a7fd-d3a7-4def-b8d1-5da638d54160}</UniqueIdentifier>
    </Filter>
    <Filter Include="Services">
      <UniqueIdentifier>{05c73e6e-b6c5-4e68-b327-fcb9bfc76344}</UniqueIdentifier>
    </Filter>
    <Filter Include="Resource Files\Entity Scripts">
      <UniqueIdentifier>{06c6fd7c-3a0b-4f86-8f04-7f670fb0dc37}</UniqueIdentifier>
    </Filter>
    <Filter Include="Views Derived From GUI Elements">
      <UniqueIdentifier>{497c8148-28e9-406e-bfea-d92fc2c22982}</UniqueIdentifier>
    </Filter>
  </ItemGroup>
  <ItemGroup>
    <ClInclude Include="include\App.h">
      <Filter>Header Files</Filter>
    </ClInclude>
    <ClInclude Include="include\common_enums.h">
      <Filter>Header Files</Filter>
    </ClInclude>
    <ClInclude Include="include\ErrorHandler.h">
      <Filter>Header Files</Filter>
    </ClInclude>
    <ClInclude Include="include\GameObject.h">
      <Filter>Header Files</Filter>
    </ClInclude>
    <ClInclude Include="include\GetLetterKey.h">
      <Filter>Header Files</Filter>
    </ClInclude>
    <ClInclude Include="include\Inventory.h">
      <Filter>Header Files</Filter>
    </ClInclude>
    <ClInclude Include="include\KeyBuffer.h">
      <Filter>Header Files</Filter>
    </ClInclude>
    <ClInclude Include="include\Map.h">
      <Filter>Header Files</Filter>
    </ClInclude>
    <ClInclude Include="include\MapTile.h">
      <Filter>Header Files</Filter>
    </ClInclude>
    <ClInclude Include="include\MathUtils.h">
      <Filter>Header Files</Filter>
    </ClInclude>
    <ClInclude Include="include\Renderable.h">
      <Filter>Header Files</Filter>
    </ClInclude>
    <ClInclude Include="include\SpritePrototype.h">
      <Filter>Header Files</Filter>
    </ClInclude>
    <ClInclude Include="include\State.h">
      <Filter>Header Files</Filter>
    </ClInclude>
    <ClInclude Include="include\StateMachine.h">
      <Filter>Header Files</Filter>
    </ClInclude>
    <ClInclude Include="include\StatusArea.h">
      <Filter>Header Files</Filter>
    </ClInclude>
    <ClInclude Include="include\TileSheet.h">
      <Filter>Header Files</Filter>
    </ClInclude>
    <ClInclude Include="include\common_types.h">
      <Filter>Header Files</Filter>
    </ClInclude>
    <ClInclude Include="include\Metadata.h">
      <Filter>Header Files</Filter>
    </ClInclude>
    <ClInclude Include="include\New.h">
      <Filter>Header Files</Filter>
    </ClInclude>
    <ClInclude Include="include\PropertyDictionary.h">
      <Filter>Header Files</Filter>
    </ClInclude>
    <ClInclude Include="include\common_functions.h">
      <Filter>Header Files</Filter>
    </ClInclude>
    <ClInclude Include="include\MetadataCollection.h">
      <Filter>Header Files</Filter>
    </ClInclude>
    <ClInclude Include="include\GameState.h">
      <Filter>Header Files</Filter>
    </ClInclude>
    <ClInclude Include="include\stdafx.h">
      <Filter>Header Files</Filter>
    </ClInclude>
    <ClInclude Include="include\LuaObject.h">
      <Filter>Header Files</Filter>
    </ClInclude>
    <ClInclude Include="include\SFMLEventHandler.h">
      <Filter>Header Files</Filter>
    </ClInclude>
    <ClInclude Include="include\ModifiablePropertyDictionary.h">
      <Filter>Header Files</Filter>
    </ClInclude>
    <ClInclude Include="include\MapCorridor.h">
      <Filter>Map Features</Filter>
    </ClInclude>
    <ClInclude Include="include\MapDiamond.h">
      <Filter>Map Features</Filter>
    </ClInclude>
    <ClInclude Include="include\MapDonutRoom.h">
      <Filter>Map Features</Filter>
    </ClInclude>
    <ClInclude Include="include\MapFeature.h">
      <Filter>Map Features</Filter>
    </ClInclude>
    <ClInclude Include="include\MapGenerator.h">
      <Filter>Map Features</Filter>
    </ClInclude>
    <ClInclude Include="include\MapLRoom.h">
      <Filter>Map Features</Filter>
    </ClInclude>
    <ClInclude Include="include\MapRoom.h">
      <Filter>Map Features</Filter>
    </ClInclude>
    <ClInclude Include="gui\GUICloseHandle.h">
      <Filter>GUI Elements</Filter>
    </ClInclude>
    <ClInclude Include="gui\GUIDesktop.h">
      <Filter>GUI Elements</Filter>
    </ClInclude>
    <ClInclude Include="gui\GUIEvent.h">
      <Filter>GUI Elements</Filter>
    </ClInclude>
    <ClInclude Include="gui\GUILabel.h">
      <Filter>GUI Elements</Filter>
    </ClInclude>
    <ClInclude Include="gui\GUIObject.h">
      <Filter>GUI Elements</Filter>
    </ClInclude>
    <ClInclude Include="gui\GUIResizeHandle.h">
      <Filter>GUI Elements</Filter>
    </ClInclude>
    <ClInclude Include="gui\GUIShrinkHandle.h">
      <Filter>GUI Elements</Filter>
    </ClInclude>
    <ClInclude Include="gui\GUITitleBar.h">
      <Filter>GUI Elements</Filter>
    </ClInclude>
    <ClInclude Include="gui\GUIWindow.h">
      <Filter>GUI Elements</Filter>
    </ClInclude>
    <ClInclude Include="include\AppState.h">
      <Filter>App States</Filter>
    </ClInclude>
    <ClInclude Include="include\AppStateGameMode.h">
      <Filter>App States</Filter>
    </ClInclude>
    <ClInclude Include="include\AppStateMainMenu.h">
      <Filter>App States</Filter>
    </ClInclude>
    <ClInclude Include="include\AppStateSplashScreen.h">
      <Filter>App States</Filter>
    </ClInclude>
    <ClInclude Include="include\Beatitude.h">
      <Filter>Types</Filter>
    </ClInclude>
    <ClInclude Include="include\BodyPart.h">
      <Filter>Types</Filter>
    </ClInclude>
    <ClInclude Include="include\Direction.h">
      <Filter>Types</Filter>
    </ClInclude>
    <ClInclude Include="include\Gender.h">
      <Filter>Types</Filter>
    </ClInclude>
    <ClInclude Include="include\IntegerRange.h">
      <Filter>Types</Filter>
    </ClInclude>
    <ClInclude Include="include\Ordinal.h">
      <Filter>Types</Filter>
    </ClInclude>
    <ClInclude Include="include\LightInfluence.h">
      <Filter>Types</Filter>
    </ClInclude>
    <ClInclude Include="include\ShaderEffect.h">
      <Filter>Types</Filter>
    </ClInclude>
    <ClInclude Include="include\InventorySlot.h">
      <Filter>Types</Filter>
    </ClInclude>
    <ClInclude Include="include\GeoVector.h">
      <Filter>Types</Filter>
    </ClInclude>
    <ClInclude Include="include\MapMemoryChunk.h">
      <Filter>Header Files</Filter>
    </ClInclude>
    <ClInclude Include="include\StringTransforms.h">
      <Filter>Header Files</Filter>
    </ClInclude>
    <ClInclude Include="include\RNGUtils.h">
      <Filter>Header Files</Filter>
    </ClInclude>
    <ClInclude Include="include\MapFactory.h">
      <Filter>Header Files</Filter>
    </ClInclude>
    <ClInclude Include="include\MapView.h">
      <Filter>Object Views</Filter>
    </ClInclude>
    <ClInclude Include="include\MapStandard2DView.h">
      <Filter>Object Views</Filter>
    </ClInclude>
    <ClInclude Include="include\Vec2.h">
      <Filter>Types</Filter>
    </ClInclude>
    <ClInclude Include="include\Vec3.h">
      <Filter>Types</Filter>
    </ClInclude>
    <ClInclude Include="include\Rect.h">
      <Filter>Types</Filter>
    </ClInclude>
    <ClInclude Include="include\NullStringDictionary.h">
      <Filter>Services</Filter>
    </ClInclude>
    <ClInclude Include="include\StringDictionary.h">
      <Filter>Services</Filter>
    </ClInclude>
    <ClInclude Include="include\IStringDictionary.h">
      <Filter>Services</Filter>
    </ClInclude>
    <ClInclude Include="include\IConfigSettings.h">
      <Filter>Services</Filter>
    </ClInclude>
    <ClInclude Include="include\FallbackConfigSettings.h">
      <Filter>Services</Filter>
    </ClInclude>
    <ClInclude Include="include\IKeyBuffer.h">
      <Filter>Header Files</Filter>
    </ClInclude>
    <ClInclude Include="include\IMessageLog.h">
      <Filter>Services</Filter>
    </ClInclude>
    <ClInclude Include="include\NullMessageLog.h">
      <Filter>Services</Filter>
    </ClInclude>
    <ClInclude Include="include\NullKeyBuffer.h">
      <Filter>Header Files</Filter>
    </ClInclude>
    <ClInclude Include="include\MessageLog.h">
      <Filter>Services</Filter>
    </ClInclude>
    <ClInclude Include="include\InventorySelection.h">
      <Filter>Header Files</Filter>
    </ClInclude>
    <ClInclude Include="include\Grid2D.h">
      <Filter>Types</Filter>
    </ClInclude>
    <ClInclude Include="include\MapTileStandard2DView.h">
      <Filter>Object Views</Filter>
    </ClInclude>
    <ClInclude Include="include\MapTileView.h">
      <Filter>Object Views</Filter>
    </ClInclude>
    <ClInclude Include="include\EntityPool.h">
      <Filter>Header Files</Filter>
    </ClInclude>
    <ClInclude Include="include\EntityId.h">
      <Filter>Header Files</Filter>
    </ClInclude>
    <ClInclude Include="include\Entity.h">
      <Filter>Header Files</Filter>
    </ClInclude>
    <ClInclude Include="include\EntityStandard2DView.h">
      <Filter>Object Views</Filter>
    </ClInclude>
    <ClInclude Include="include\EntityView.h">
      <Filter>Object Views</Filter>
    </ClInclude>
    <ClInclude Include="include\LuaEntityFunctions.h">
      <Filter>Header Files</Filter>
    </ClInclude>
    <ClInclude Include="include\IGraphicViews.h">
      <Filter>Services</Filter>
    </ClInclude>
    <ClInclude Include="include\NullGraphicViews.h">
      <Filter>Services</Filter>
    </ClInclude>
    <ClInclude Include="include\Standard2DGraphicViews.h">
      <Filter>Services</Filter>
    </ClInclude>
    <ClInclude Include="include\EntityNullView.h">
      <Filter>Object Views</Filter>
    </ClInclude>
    <ClInclude Include="include\MapTileNullView.h">
      <Filter>Object Views</Filter>
    </ClInclude>
    <ClInclude Include="include\MapNullView.h">
      <Filter>Object Views</Filter>
    </ClInclude>
    <ClInclude Include="design_patterns\AssertHelper.h">
      <Filter>Design Pattern Templates</Filter>
    </ClInclude>
    <ClInclude Include="design_patterns\Event.h">
      <Filter>Design Pattern Templates</Filter>
    </ClInclude>
    <ClInclude Include="design_patterns\Observer.h">
      <Filter>Design Pattern Templates</Filter>
    </ClInclude>
    <ClInclude Include="design_patterns\Serializable.h">
      <Filter>Design Pattern Templates</Filter>
    </ClInclude>
    <ClInclude Include="design_patterns\Service.h">
      <Filter>Design Pattern Templates</Filter>
    </ClInclude>
    <ClInclude Include="design_patterns\Subject.h">
      <Filter>Design Pattern Templates</Filter>
    </ClInclude>
    <ClInclude Include="design_patterns\Visitor.h">
      <Filter>Design Pattern Templates</Filter>
    </ClInclude>
    <ClInclude Include="actions\Action.h">
      <Filter>Actions</Filter>
    </ClInclude>
    <ClInclude Include="actions\ActionAttack.h">
      <Filter>Actions</Filter>
    </ClInclude>
    <ClInclude Include="actions\ActionClose.h">
      <Filter>Actions</Filter>
    </ClInclude>
    <ClInclude Include="actions\ActionCRTP.h">
      <Filter>Actions</Filter>
    </ClInclude>
    <ClInclude Include="actions\ActionDie.h">
      <Filter>Actions</Filter>
    </ClInclude>
    <ClInclude Include="actions\ActionDrop.h">
      <Filter>Actions</Filter>
    </ClInclude>
    <ClInclude Include="actions\ActionEat.h">
      <Filter>Actions</Filter>
    </ClInclude>
    <ClInclude Include="actions\ActionFill.h">
      <Filter>Actions</Filter>
    </ClInclude>
    <ClInclude Include="actions\ActionGet.h">
      <Filter>Actions</Filter>
    </ClInclude>
    <ClInclude Include="actions\ActionHurl.h">
      <Filter>Actions</Filter>
    </ClInclude>
    <ClInclude Include="actions\ActionInscribe.h">
      <Filter>Actions</Filter>
    </ClInclude>
    <ClInclude Include="actions\ActionLock.h">
      <Filter>Actions</Filter>
    </ClInclude>
    <ClInclude Include="actions\ActionMix.h">
      <Filter>Actions</Filter>
    </ClInclude>
    <ClInclude Include="actions\ActionMove.h">
      <Filter>Actions</Filter>
    </ClInclude>
    <ClInclude Include="actions\ActionOpen.h">
      <Filter>Actions</Filter>
    </ClInclude>
    <ClInclude Include="actions\ActionPutInto.h">
      <Filter>Actions</Filter>
    </ClInclude>
    <ClInclude Include="actions\ActionQuaff.h">
      <Filter>Actions</Filter>
    </ClInclude>
    <ClInclude Include="actions\ActionRead.h">
      <Filter>Actions</Filter>
    </ClInclude>
    <ClInclude Include="actions\ActionResult.h">
      <Filter>Actions</Filter>
    </ClInclude>
    <ClInclude Include="actions\ActionShoot.h">
      <Filter>Actions</Filter>
    </ClInclude>
    <ClInclude Include="actions\ActionTakeOut.h">
      <Filter>Actions</Filter>
    </ClInclude>
    <ClInclude Include="actions\ActionTurn.h">
      <Filter>Actions</Filter>
    </ClInclude>
    <ClInclude Include="actions\ActionUnlock.h">
      <Filter>Actions</Filter>
    </ClInclude>
    <ClInclude Include="actions\ActionUnwield.h">
      <Filter>Actions</Filter>
    </ClInclude>
    <ClInclude Include="actions\ActionUse.h">
      <Filter>Actions</Filter>
    </ClInclude>
    <ClInclude Include="actions\ActionWait.h">
      <Filter>Actions</Filter>
    </ClInclude>
    <ClInclude Include="actions\ActionWield.h">
      <Filter>Actions</Filter>
    </ClInclude>
    <ClInclude Include="include\InventoryArea.h">
      <Filter>Views Derived From GUI Elements</Filter>
    </ClInclude>
    <ClInclude Include="include\MessageLogView.h">
      <Filter>Views Derived From GUI Elements</Filter>
    </ClInclude>
    <ClInclude Include="actions\ActionWear.h">
      <Filter>Actions</Filter>
    </ClInclude>
    <ClInclude Include="actions\ActionTakeOff.h">
      <Filter>Actions</Filter>
    </ClInclude>
  </ItemGroup>
  <ItemGroup>
    <ClCompile Include="src\App.cpp">
      <Filter>Source Files</Filter>
    </ClCompile>
    <ClCompile Include="src\ErrorHandler.cpp">
      <Filter>Source Files</Filter>
    </ClCompile>
    <ClCompile Include="src\GameObject.cpp">
      <Filter>Source Files</Filter>
    </ClCompile>
    <ClCompile Include="src\Inventory.cpp">
      <Filter>Source Files</Filter>
    </ClCompile>
    <ClCompile Include="src\KeyBuffer.cpp">
      <Filter>Source Files</Filter>
    </ClCompile>
    <ClCompile Include="src\Map.cpp">
      <Filter>Source Files</Filter>
    </ClCompile>
    <ClCompile Include="src\MapTile.cpp">
      <Filter>Source Files</Filter>
    </ClCompile>
    <ClCompile Include="src\State.cpp">
      <Filter>Source Files</Filter>
    </ClCompile>
    <ClCompile Include="src\StateMachine.cpp">
      <Filter>Source Files</Filter>
    </ClCompile>
    <ClCompile Include="src\StatusArea.cpp">
      <Filter>Source Files</Filter>
    </ClCompile>
    <ClCompile Include="src\TileSheet.cpp">
      <Filter>Source Files</Filter>
    </ClCompile>
    <ClCompile Include="main.cpp">
      <Filter>Source Files</Filter>
    </ClCompile>
    <ClCompile Include="src\Metadata.cpp">
      <Filter>Source Files</Filter>
    </ClCompile>
    <ClCompile Include="src\MetadataCollection.cpp">
      <Filter>Source Files</Filter>
    </ClCompile>
    <ClCompile Include="src\GameState.cpp">
      <Filter>Source Files</Filter>
    </ClCompile>
    <ClCompile Include="src\stdafx.cpp">
      <Filter>Source Files</Filter>
    </ClCompile>
    <ClCompile Include="src\LuaObject.cpp">
      <Filter>Source Files</Filter>
    </ClCompile>
    <ClCompile Include="src\ModifiablePropertyDictionary.cpp">
      <Filter>Source Files</Filter>
    </ClCompile>
    <ClCompile Include="src\mapfeatures\MapCorridor.cpp">
      <Filter>Map Features</Filter>
    </ClCompile>
    <ClCompile Include="src\mapfeatures\MapDiamond.cpp">
      <Filter>Map Features</Filter>
    </ClCompile>
    <ClCompile Include="src\mapfeatures\MapDonutRoom.cpp">
      <Filter>Map Features</Filter>
    </ClCompile>
    <ClCompile Include="src\mapfeatures\MapFeature.cpp">
      <Filter>Map Features</Filter>
    </ClCompile>
    <ClCompile Include="src\mapfeatures\MapGenerator.cpp">
      <Filter>Map Features</Filter>
    </ClCompile>
    <ClCompile Include="src\mapfeatures\MapLRoom.cpp">
      <Filter>Map Features</Filter>
    </ClCompile>
    <ClCompile Include="src\mapfeatures\MapRoom.cpp">
      <Filter>Map Features</Filter>
    </ClCompile>
    <ClCompile Include="gui\GUICloseHandle.cpp">
      <Filter>GUI Elements</Filter>
    </ClCompile>
    <ClCompile Include="gui\GUIDesktop.cpp">
      <Filter>GUI Elements</Filter>
    </ClCompile>
    <ClCompile Include="gui\GUILabel.cpp">
      <Filter>GUI Elements</Filter>
    </ClCompile>
    <ClCompile Include="gui\GUIObject.cpp">
      <Filter>GUI Elements</Filter>
    </ClCompile>
    <ClCompile Include="gui\GUIResizeHandle.cpp">
      <Filter>GUI Elements</Filter>
    </ClCompile>
    <ClCompile Include="gui\GUIShrinkHandle.cpp">
      <Filter>GUI Elements</Filter>
    </ClCompile>
    <ClCompile Include="gui\GUITitleBar.cpp">
      <Filter>GUI Elements</Filter>
    </ClCompile>
    <ClCompile Include="gui\GUIWindow.cpp">
      <Filter>GUI Elements</Filter>
    </ClCompile>
    <ClCompile Include="src\AppState.cpp">
      <Filter>App States</Filter>
    </ClCompile>
    <ClCompile Include="src\AppStateGameMode.cpp">
      <Filter>App States</Filter>
    </ClCompile>
    <ClCompile Include="src\AppStateMainMenu.cpp">
      <Filter>App States</Filter>
    </ClCompile>
    <ClCompile Include="src\AppStateSplashScreen.cpp">
      <Filter>App States</Filter>
    </ClCompile>
    <ClCompile Include="src\Direction.cpp">
      <Filter>Types</Filter>
    </ClCompile>
    <ClCompile Include="src\Gender.cpp">
      <Filter>Types</Filter>
    </ClCompile>
    <ClCompile Include="src\PropertyDictionary.cpp">
      <Filter>Source Files</Filter>
    </ClCompile>
    <ClCompile Include="src\IntegerRange.cpp">
      <Filter>Types</Filter>
    </ClCompile>
    <ClCompile Include="src\MapView.cpp">
      <Filter>Object Views</Filter>
    </ClCompile>
    <ClCompile Include="src\MapStandard2DView.cpp">
      <Filter>Object Views</Filter>
    </ClCompile>
    <ClCompile Include="src\IStringDictionary.cpp">
      <Filter>Services</Filter>
    </ClCompile>
    <ClCompile Include="src\StringDictionary.cpp">
      <Filter>Services</Filter>
    </ClCompile>
    <ClCompile Include="src\IConfigSettings.cpp">
      <Filter>Services</Filter>
    </ClCompile>
    <ClCompile Include="src\FallbackConfigSettings.cpp">
      <Filter>Services</Filter>
    </ClCompile>
    <ClCompile Include="src\IMessageLog.cpp">
      <Filter>Services</Filter>
    </ClCompile>
    <ClCompile Include="src\MessageLog.cpp">
      <Filter>Services</Filter>
    </ClCompile>
    <ClCompile Include="src\InventorySelection.cpp">
      <Filter>Source Files</Filter>
    </ClCompile>
    <ClCompile Include="src\MapFactory.cpp">
      <Filter>Source Files</Filter>
    </ClCompile>
    <ClCompile Include="src\MapTileStandard2DView.cpp">
      <Filter>Object Views</Filter>
    </ClCompile>
    <ClCompile Include="src\EntityPool.cpp">
      <Filter>Source Files</Filter>
    </ClCompile>
    <ClCompile Include="src\EntityId.cpp">
      <Filter>Source Files</Filter>
    </ClCompile>
    <ClCompile Include="src\Entity.cpp">
      <Filter>Source Files</Filter>
    </ClCompile>
    <ClCompile Include="src\EntityStandard2DView.cpp">
      <Filter>Object Views</Filter>
    </ClCompile>
    <ClCompile Include="src\EntityView.cpp">
      <Filter>Object Views</Filter>
    </ClCompile>
    <ClCompile Include="src\LuaEntityFunctions.cpp">
      <Filter>Source Files</Filter>
    </ClCompile>
    <ClCompile Include="src\IGraphicViews.cpp">
      <Filter>Services</Filter>
    </ClCompile>
    <ClCompile Include="src\Standard2DGraphicViews.cpp">
      <Filter>Services</Filter>
    </ClCompile>
    <ClCompile Include="src\EntityNullView.cpp">
      <Filter>Object Views</Filter>
    </ClCompile>
    <ClCompile Include="src\MapTileNullView.cpp">
      <Filter>Object Views</Filter>
    </ClCompile>
    <ClCompile Include="src\MapNullView.cpp">
      <Filter>Object Views</Filter>
    </ClCompile>
    <ClCompile Include="design_patterns\Event.cpp">
      <Filter>Design Pattern Templates</Filter>
    </ClCompile>
    <ClCompile Include="design_patterns\Observer.cpp">
      <Filter>Design Pattern Templates</Filter>
    </ClCompile>
    <ClCompile Include="design_patterns\Subject.cpp">
      <Filter>Design Pattern Templates</Filter>
    </ClCompile>
    <ClCompile Include="actions\Action.cpp">
      <Filter>Actions</Filter>
    </ClCompile>
    <ClCompile Include="actions\ActionAttack.cpp">
      <Filter>Actions</Filter>
    </ClCompile>
    <ClCompile Include="actions\ActionClose.cpp">
      <Filter>Actions</Filter>
    </ClCompile>
    <ClCompile Include="actions\ActionDrop.cpp">
      <Filter>Actions</Filter>
    </ClCompile>
    <ClCompile Include="actions\ActionEat.cpp">
      <Filter>Actions</Filter>
    </ClCompile>
    <ClCompile Include="actions\ActionFill.cpp">
      <Filter>Actions</Filter>
    </ClCompile>
    <ClCompile Include="actions\ActionGet.cpp">
      <Filter>Actions</Filter>
    </ClCompile>
    <ClCompile Include="actions\ActionHurl.cpp">
      <Filter>Actions</Filter>
    </ClCompile>
    <ClCompile Include="actions\ActionInscribe.cpp">
      <Filter>Actions</Filter>
    </ClCompile>
    <ClCompile Include="actions\ActionLock.cpp">
      <Filter>Actions</Filter>
    </ClCompile>
    <ClCompile Include="actions\ActionMix.cpp">
      <Filter>Actions</Filter>
    </ClCompile>
    <ClCompile Include="actions\ActionMove.cpp">
      <Filter>Actions</Filter>
    </ClCompile>
    <ClCompile Include="actions\ActionOpen.cpp">
      <Filter>Actions</Filter>
    </ClCompile>
    <ClCompile Include="actions\ActionPutInto.cpp">
      <Filter>Actions</Filter>
    </ClCompile>
    <ClCompile Include="actions\ActionQuaff.cpp">
      <Filter>Actions</Filter>
    </ClCompile>
    <ClCompile Include="actions\ActionRead.cpp">
      <Filter>Actions</Filter>
    </ClCompile>
    <ClCompile Include="actions\ActionShoot.cpp">
      <Filter>Actions</Filter>
    </ClCompile>
    <ClCompile Include="actions\ActionTakeOut.cpp">
      <Filter>Actions</Filter>
    </ClCompile>
    <ClCompile Include="actions\ActionTurn.cpp">
      <Filter>Actions</Filter>
    </ClCompile>
    <ClCompile Include="actions\ActionUnlock.cpp">
      <Filter>Actions</Filter>
    </ClCompile>
    <ClCompile Include="actions\ActionUnwield.cpp">
      <Filter>Actions</Filter>
    </ClCompile>
    <ClCompile Include="actions\ActionUse.cpp">
      <Filter>Actions</Filter>
    </ClCompile>
    <ClCompile Include="actions\ActionWait.cpp">
      <Filter>Actions</Filter>
    </ClCompile>
    <ClCompile Include="actions\ActionWield.cpp">
      <Filter>Actions</Filter>
    </ClCompile>
    <ClCompile Include="src\InventoryArea.cpp">
      <Filter>Views Derived From GUI Elements</Filter>
    </ClCompile>
    <ClCompile Include="src\MessageLogView.cpp">
      <Filter>Views Derived From GUI Elements</Filter>
    </ClCompile>
    <ClCompile Include="include\IKeyBuffer.cpp">
      <Filter>Source Files</Filter>
    </ClCompile>
    <ClCompile Include="actions\ActionDie.cpp">
      <Filter>Actions</Filter>
    </ClCompile>
    <ClCompile Include="actions\ActionWear.cpp">
      <Filter>Actions</Filter>
    </ClCompile>
    <ClCompile Include="actions\ActionTakeOff.cpp">
      <Filter>Actions</Filter>
    </ClCompile>
    <ClCompile Include="src\StringTransforms.cpp">
      <Filter>Source Files</Filter>
    </ClCompile>
  </ItemGroup>
  <ItemGroup>
    <None Include="README.md">
      <Filter>Resource Files</Filter>
    </None>
    <None Include=".gitignore">
      <Filter>Resource Files</Filter>
    </None>
    <None Include="resources\strings.en.json">
      <Filter>Resource Files</Filter>
    </None>
    <None Include="resources\maptile\MTFloor.lua">
      <Filter>Resource Files\MapTile Scripts</Filter>
    </None>
    <None Include="resources\maptile\MTFloorDirt.lua">
      <Filter>Resource Files\MapTile Scripts</Filter>
    </None>
    <None Include="resources\maptile\MTFloorStone.lua">
      <Filter>Resource Files\MapTile Scripts</Filter>
    </None>
    <None Include="resources\maptile\MTUnknown.lua">
      <Filter>Resource Files\MapTile Scripts</Filter>
    </None>
    <None Include="resources\maptile\MTWall.lua">
      <Filter>Resource Files\MapTile Scripts</Filter>
    </None>
    <None Include="resources\maptile\MTWallStone.lua">
      <Filter>Resource Files\MapTile Scripts</Filter>
    </None>
    <None Include="resources\entity\Animal.lua">
      <Filter>Resource Files\Entity Scripts</Filter>
    </None>
    <None Include="resources\entity\Biped.lua">
      <Filter>Resource Files\Entity Scripts</Filter>
    </None>
    <None Include="resources\entity\Blob.lua">
      <Filter>Resource Files\Entity Scripts</Filter>
    </None>
    <None Include="resources\entity\Chest.lua">
      <Filter>Resource Files\Entity Scripts</Filter>
    </None>
    <None Include="resources\entity\ChestWooden.lua">
      <Filter>Resource Files\Entity Scripts</Filter>
    </None>
    <None Include="resources\entity\Coin.lua">
      <Filter>Resource Files\Entity Scripts</Filter>
    </None>
    <None Include="resources\entity\CoinGold.lua">
      <Filter>Resource Files\Entity Scripts</Filter>
    </None>
    <None Include="resources\entity\Container.lua">
      <Filter>Resource Files\Entity Scripts</Filter>
    </None>
    <None Include="resources\entity\Dagger.lua">
      <Filter>Resource Files\Entity Scripts</Filter>
    </None>
    <None Include="resources\entity\DynamicEntity.lua">
      <Filter>Resource Files\Entity Scripts</Filter>
    </None>
    <None Include="resources\entity\Entity.lua">
      <Filter>Resource Files\Entity Scripts</Filter>
    </None>
    <None Include="resources\entity\FlaskGlass.lua">
      <Filter>Resource Files\Entity Scripts</Filter>
    </None>
    <None Include="resources\entity\Human.lua">
      <Filter>Resource Files\Entity Scripts</Filter>
    </None>
    <None Include="resources\entity\LightOrb.lua">
      <Filter>Resource Files\Entity Scripts</Filter>
    </None>
    <None Include="resources\entity\LightSource.lua">
      <Filter>Resource Files\Entity Scripts</Filter>
    </None>
    <None Include="resources\entity\Marcher.lua">
      <Filter>Resource Files\Entity Scripts</Filter>
    </None>
    <None Include="resources\entity\Mu.lua">
      <Filter>Resource Files\Entity Scripts</Filter>
    </None>
    <None Include="resources\entity\Rock.lua">
      <Filter>Resource Files\Entity Scripts</Filter>
    </None>
    <None Include="resources\entity\RockLichen.lua">
      <Filter>Resource Files\Entity Scripts</Filter>
    </None>
    <None Include="resources\entity\SackCloth.lua">
      <Filter>Resource Files\Entity Scripts</Filter>
    </None>
    <None Include="resources\entity\Sapient.lua">
      <Filter>Resource Files\Entity Scripts</Filter>
    </None>
    <None Include="resources\entity\Sconce.lua">
      <Filter>Resource Files\Entity Scripts</Filter>
    </None>
    <None Include="resources\entity\TileContents.lua">
      <Filter>Resource Files\Entity Scripts</Filter>
    </None>
    <None Include="resources\entity\Weapon.lua">
      <Filter>Resource Files\Entity Scripts</Filter>
    </None>
    <None Include="resources\entity\WeaponCutting.lua">
      <Filter>Resource Files\Entity Scripts</Filter>
    </None>
    <None Include="resources\entity\WeaponStabbing.lua">
      <Filter>Resource Files\Entity Scripts</Filter>
    </None>
    <None Include="resources\entity\WeaponStrangling.lua">
      <Filter>Resource Files\Entity Scripts</Filter>
    </None>
    <None Include="resources\entity\WeaponStriking.lua">
      <Filter>Resource Files\Entity Scripts</Filter>
    </None>
    <None Include="resources\deepcopy.lua">
      <Filter>Resource Files\Other Scripts</Filter>
    </None>
    <None Include="resources\default.lua">
      <Filter>Resource Files\Other Scripts</Filter>
    </None>
    <None Include="resources\script\map.lua">
      <Filter>Resource Files\Other Scripts</Filter>
    </None>
    <None Include="resources\shader\default.frag">
      <Filter>Resource Files\Shaders</Filter>
    </None>
    <None Include="resources\shader\default.vert">
      <Filter>Resource Files\Shaders</Filter>
    </None>
  </ItemGroup>
</Project>